
Microsoft Visual Studio Solution File, Format Version 12.00
# Visual Studio Version 16
VisualStudioVersion = 16.0.29326.143
MinimumVisualStudioVersion = 10.0.40219.1
Project("{FAE04EC0-301F-11D3-BF4B-00C04F79EFBC}") = "GithubSearch", "src\GithubSearch\GithubSearch.csproj", "{2E2A1D53-28BA-4835-812E-321870E9E628}"
EndProject
Project("{FAE04EC0-301F-11D3-BF4B-00C04F79EFBC}") = "GithubSearch.Test", "tests\GithubSearch.Test\GithubSearch.Test.csproj", "{44FCC914-C44B-4673-9AA4-0E848969E434}"
EndProject
Project("{FAE04EC0-301F-11D3-BF4B-00C04F79EFBC}") = "GithubSearch.Web", "src\GithubSearch.Web\GithubSearch.Web.csproj", "{7BB3944A-5B9B-40E9-BCAA-D1A8D08A095E}"
EndProject
Project("{FAE04EC0-301F-11D3-BF4B-00C04F79EFBC}") = "GithubSearch.Models", "src\GithubSearch.Models\GithubSearch.Models.csproj", "{BA11625B-B942-4D41-9416-F372F3B1F357}"
EndProject
Project("{FAE04EC0-301F-11D3-BF4B-00C04F79EFBC}") = "GithubSearch.Web.Tests", "tests\GithubSearch.Web.Tests\GithubSearch.Web.Tests.csproj", "{806B1B0F-F55B-4A40-A820-82D4A42C4842}"
EndProject
Global
	GlobalSection(SolutionConfigurationPlatforms) = preSolution
		Debug|Any CPU = Debug|Any CPU
		Release|Any CPU = Release|Any CPU
	EndGlobalSection
	GlobalSection(ProjectConfigurationPlatforms) = postSolution
		{2E2A1D53-28BA-4835-812E-321870E9E628}.Debug|Any CPU.ActiveCfg = Debug|Any CPU
		{2E2A1D53-28BA-4835-812E-321870E9E628}.Debug|Any CPU.Build.0 = Debug|Any CPU
		{2E2A1D53-28BA-4835-812E-321870E9E628}.Release|Any CPU.ActiveCfg = Release|Any CPU
		{2E2A1D53-28BA-4835-812E-321870E9E628}.Release|Any CPU.Build.0 = Release|Any CPU
		{44FCC914-C44B-4673-9AA4-0E848969E434}.Debug|Any CPU.ActiveCfg = Debug|Any CPU
		{44FCC914-C44B-4673-9AA4-0E848969E434}.Debug|Any CPU.Build.0 = Debug|Any CPU
		{44FCC914-C44B-4673-9AA4-0E848969E434}.Release|Any CPU.ActiveCfg = Release|Any CPU
		{44FCC914-C44B-4673-9AA4-0E848969E434}.Release|Any CPU.Build.0 = Release|Any CPU
		{7BB3944A-5B9B-40E9-BCAA-D1A8D08A095E}.Debug|Any CPU.ActiveCfg = Debug|Any CPU
		{7BB3944A-5B9B-40E9-BCAA-D1A8D08A095E}.Debug|Any CPU.Build.0 = Debug|Any CPU
		{7BB3944A-5B9B-40E9-BCAA-D1A8D08A095E}.Release|Any CPU.ActiveCfg = Release|Any CPU
		{7BB3944A-5B9B-40E9-BCAA-D1A8D08A095E}.Release|Any CPU.Build.0 = Release|Any CPU
		{BA11625B-B942-4D41-9416-F372F3B1F357}.Debug|Any CPU.ActiveCfg = Debug|Any CPU
		{BA11625B-B942-4D41-9416-F372F3B1F357}.Debug|Any CPU.Build.0 = Debug|Any CPU
		{BA11625B-B942-4D41-9416-F372F3B1F357}.Release|Any CPU.ActiveCfg = Release|Any CPU
		{BA11625B-B942-4D41-9416-F372F3B1F357}.Release|Any CPU.Build.0 = Release|Any CPU
		{806B1B0F-F55B-4A40-A820-82D4A42C4842}.Debug|Any CPU.ActiveCfg = Debug|Any CPU
		{806B1B0F-F55B-4A40-A820-82D4A42C4842}.Debug|Any CPU.Build.0 = Debug|Any CPU
		{806B1B0F-F55B-4A40-A820-82D4A42C4842}.Release|Any CPU.ActiveCfg = Release|Any CPU
		{806B1B0F-F55B-4A40-A820-82D4A42C4842}.Release|Any CPU.Build.0 = Release|Any CPU
	EndGlobalSection
	GlobalSection(SolutionProperties) = preSolution
		HideSolutionNode = FALSE
	EndGlobalSection
	GlobalSection(ExtensibilityGlobals) = postSolution
		SolutionGuid = {D2804CBA-5D18-4723-9165-005ADAA39FDB}
	EndGlobalSection
EndGlobal
